
Microsoft Visual Studio Solution File, Format Version 12.00
# Visual Studio 15
VisualStudioVersion = 15.0.27130.2010
MinimumVisualStudioVersion = 10.0.40219.1
Project("{9A19103F-16F7-4668-BE54-9A1E7A4F7556}") = "Mocoding.AspNetCore.ODataApi", "src\Mocoding.AspNetCore.ODataApi\Mocoding.AspNetCore.ODataApi.csproj", "{B774558F-8838-40DD-8F84-A7A4DADE101C}"
EndProject
Project("{9A19103F-16F7-4668-BE54-9A1E7A4F7556}") = "Mocoding.AspNetCore.ODataApi.EasyDocDb", "src\Mocoding.AspNetCore.ODataApi.EasyDocDb\Mocoding.AspNetCore.ODataApi.EasyDocDb.csproj", "{52FC4FF4-5CBB-44A7-902F-87DFA5036BEE}"
EndProject
Project("{9A19103F-16F7-4668-BE54-9A1E7A4F7556}") = "WebApp", "examples\WebApp\WebApp.csproj", "{3ED064C3-11E2-4031-93C2-8921F691C248}"
EndProject
Project("{2150E333-8FDC-42A3-9474-1A3956D46DE8}") = "src", "src", "{5F194EF3-90C7-42E7-9A73-9B009F37ED0E}"
EndProject
Project("{2150E333-8FDC-42A3-9474-1A3956D46DE8}") = "examples", "examples", "{314FF1B1-D032-485D-BA24-37B31EC48886}"
EndProject
Global
	GlobalSection(SolutionConfigurationPlatforms) = preSolution
		Debug|Any CPU = Debug|Any CPU
		Release|Any CPU = Release|Any CPU
	EndGlobalSection
	GlobalSection(ProjectConfigurationPlatforms) = postSolution
		{B774558F-8838-40DD-8F84-A7A4DADE101C}.Debug|Any CPU.ActiveCfg = Debug|Any CPU
		{B774558F-8838-40DD-8F84-A7A4DADE101C}.Debug|Any CPU.Build.0 = Debug|Any CPU
		{B774558F-8838-40DD-8F84-A7A4DADE101C}.Release|Any CPU.ActiveCfg = Release|Any CPU
		{B774558F-8838-40DD-8F84-A7A4DADE101C}.Release|Any CPU.Build.0 = Release|Any CPU
		{52FC4FF4-5CBB-44A7-902F-87DFA5036BEE}.Debug|Any CPU.ActiveCfg = Debug|Any CPU
		{52FC4FF4-5CBB-44A7-902F-87DFA5036BEE}.Debug|Any CPU.Build.0 = Debug|Any CPU
		{52FC4FF4-5CBB-44A7-902F-87DFA5036BEE}.Release|Any CPU.ActiveCfg = Release|Any CPU
		{52FC4FF4-5CBB-44A7-902F-87DFA5036BEE}.Release|Any CPU.Build.0 = Release|Any CPU
		{3ED064C3-11E2-4031-93C2-8921F691C248}.Debug|Any CPU.ActiveCfg = Debug|Any CPU
		{3ED064C3-11E2-4031-93C2-8921F691C248}.Debug|Any CPU.Build.0 = Debug|Any CPU
		{3ED064C3-11E2-4031-93C2-8921F691C248}.Release|Any CPU.ActiveCfg = Release|Any CPU
		{3ED064C3-11E2-4031-93C2-8921F691C248}.Release|Any CPU.Build.0 = Release|Any CPU
	EndGlobalSection
	GlobalSection(SolutionProperties) = preSolution
		HideSolutionNode = FALSE
	EndGlobalSection
	GlobalSection(NestedProjects) = preSolution
		{B774558F-8838-40DD-8F84-A7A4DADE101C} = {5F194EF3-90C7-42E7-9A73-9B009F37ED0E}
		{52FC4FF4-5CBB-44A7-902F-87DFA5036BEE} = {5F194EF3-90C7-42E7-9A73-9B009F37ED0E}
		{3ED064C3-11E2-4031-93C2-8921F691C248} = {314FF1B1-D032-485D-BA24-37B31EC48886}
	EndGlobalSection
	GlobalSection(ExtensibilityGlobals) = postSolution
		SolutionGuid = {E92994F3-765D-4ACA-9961-F4A8CCF52A6B}
	EndGlobalSection
EndGlobal
